{
  "name": "nikkel_v2",
  "lockfileVersion": 3,
  "requires": true,
  "packages": {
    "": {
      "dependencies": {
        "keyboard-css": "^1.2.4"
      }
    },
    "node_modules/keyboard-css": {
      "version": "1.2.4",
      "resolved": "https://registry.npmjs.org/keyboard-css/-/keyboard-css-1.2.4.tgz",
      "integrity": "sha512-fhwBUfWZWAdaT9DoPVDsi/Rv6GBkIrv+82ahcuqUr0+e8NZABDh54lE3YI6Wxm5V1B0v4u0G09PQHMWei6nivg==",
      "license": "MIT"
    }
  }
}
